{
    "_readme": [
        "This file locks the dependencies of your project to a known state",
        "Read more about it at https://getcomposer.org/doc/01-basic-usage.md#installing-dependencies",
        "This file is @generated automatically"
    ],
    "content-hash": "f63c18a1e5c16a68112acaae9bff151d",
    "packages": [
        {
            "name": "ckeditor/ckeditor",
            "version": "4.20.2",
            "source": {
                "type": "git",
                "url": "https://github.com/ckeditor/ckeditor4-releases.git",
                "reference": "8cc8f1b065f93d90c305c2609fec4e4215dd20ba"
            },
            "dist": {
                "type": "zip",
                "url": "https://api.github.com/repos/ckeditor/ckeditor4-releases/zipball/8cc8f1b065f93d90c305c2609fec4e4215dd20ba",
                "reference": "8cc8f1b065f93d90c305c2609fec4e4215dd20ba",
                "shasum": ""
            },
            "type": "library",
            "notification-url": "https://packagist.org/downloads/",
            "license": [
                "GPL-2.0+",
                "LGPL-2.1+",
                "MPL-1.1+"
            ],
            "authors": [
                {
                    "name": "CKSource",
                    "homepage": "https://cksource.com"
                }
            ],
            "description": "JavaScript WYSIWYG web text editor.",
            "homepage": "https://ckeditor.com/ckeditor-4/",
            "keywords": [
                "CKEditor",
                "ckeditor4",
                "editor",
                "fckeditor",
                "html",
                "javascript",
                "richtext",
                "text",
                "wysiwyg"
            ],
            "support": {
                "forum": "https://stackoverflow.com/tags/ckeditor",
                "issues": "https://github.com/ckeditor/ckeditor4/issues",
                "source": "https://github.com/ckeditor/ckeditor4",
                "wiki": "https://ckeditor.com/docs/ckeditor4/latest/"
            },
            "time": "2023-02-15T12:55:37+00:00"
        },
        {
            "name": "codex-team/editor.js",
            "version": "dev-master",
            "source": {
                "type": "git",
                "url": "https://github.com/editor-js/editorjs-php.git",
                "reference": "9446738b6046ab05fe850dec2814dec535fe2e48"
            },
            "dist": {
                "type": "zip",
                "url": "https://api.github.com/repos/editor-js/editorjs-php/zipball/9446738b6046ab05fe850dec2814dec535fe2e48",
                "reference": "9446738b6046ab05fe850dec2814dec535fe2e48",
                "shasum": ""
            },
            "require": {
                "ezyang/htmlpurifier": "^4.8",
                "php": ">=5.6"
            },
            "require-dev": {
                "friendsofphp/php-cs-fixer": "^2.13",
                "phpunit/phpunit": "5.4.*"
            },
            "default-branch": true,
            "type": "library",
            "autoload": {
                "psr-4": {
                    "EditorJS\\": "EditorJS"
                }
            },
            "notification-url": "https://packagist.org/downloads/",
            "license": [
                "MIT"
            ],
            "authors": [
                {
                    "name": "CodeX Team",
                    "email": "team@ifmo.su"
                }
            ],
            "description": "PHP backend implementation for the Editor.js",
            "support": {
                "issues": "https://github.com/editor-js/editorjs-php/issues",
                "source": "https://github.com/editor-js/editorjs-php/tree/master"
            },
            "time": "2022-09-30T11:57:25+00:00"
        },
        {
            "name": "ezyang/htmlpurifier",
            "version": "v4.16.0",
            "source": {
                "type": "git",
                "url": "https://github.com/ezyang/htmlpurifier.git",
                "reference": "523407fb06eb9e5f3d59889b3978d5bfe94299c8"
            },
            "dist": {
                "type": "zip",
                "url": "https://api.github.com/repos/ezyang/htmlpurifier/zipball/523407fb06eb9e5f3d59889b3978d5bfe94299c8",
                "reference": "523407fb06eb9e5f3d59889b3978d5bfe94299c8",
                "shasum": ""
            },
            "require": {
                "php": "~5.6.0 || ~7.0.0 || ~7.1.0 || ~7.2.0 || ~7.3.0 || ~7.4.0 || ~8.0.0 || ~8.1.0 || ~8.2.0"
            },
            "require-dev": {
                "cerdic/css-tidy": "^1.7 || ^2.0",
                "simpletest/simpletest": "dev-master"
            },
            "suggest": {
                "cerdic/css-tidy": "If you want to use the filter 'Filter.ExtractStyleBlocks'.",
                "ext-bcmath": "Used for unit conversion and imagecrash protection",
                "ext-iconv": "Converts text to and from non-UTF-8 encodings",
                "ext-tidy": "Used for pretty-printing HTML"
            },
            "type": "library",
            "autoload": {
                "files": [
                    "library/HTMLPurifier.composer.php"
                ],
                "psr-0": {
                    "HTMLPurifier": "library/"
                },
                "exclude-from-classmap": [
                    "/library/HTMLPurifier/Language/"
                ]
            },
            "notification-url": "https://packagist.org/downloads/",
            "license": [
                "LGPL-2.1-or-later"
            ],
            "authors": [
                {
                    "name": "Edward Z. Yang",
                    "email": "admin@htmlpurifier.org",
                    "homepage": "http://ezyang.com"
                }
            ],
            "description": "Standards compliant HTML filter written in PHP",
            "homepage": "http://htmlpurifier.org/",
            "keywords": [
                "html"
            ],
            "support": {
                "issues": "https://github.com/ezyang/htmlpurifier/issues",
                "source": "https://github.com/ezyang/htmlpurifier/tree/v4.16.0"
            },
            "time": "2022-09-18T07:06:19+00:00"
        },
        {
            "name": "symfony/polyfill-ctype",
            "version": "v1.27.0",
            "source": {
                "type": "git",
                "url": "https://github.com/symfony/polyfill-ctype.git",
                "reference": "5bbc823adecdae860bb64756d639ecfec17b050a"
            },
            "dist": {
                "type": "zip",
                "url": "https://api.github.com/repos/symfony/polyfill-ctype/zipball/5bbc823adecdae860bb64756d639ecfec17b050a",
                "reference": "5bbc823adecdae860bb64756d639ecfec17b050a",
                "shasum": ""
            },
            "require": {
                "php": ">=7.1"
            },
            "provide": {
                "ext-ctype": "*"
            },
            "suggest": {
                "ext-ctype": "For best performance"
            },
            "type": "library",
            "extra": {
                "branch-alias": {
                    "dev-main": "1.27-dev"
                },
                "thanks": {
                    "name": "symfony/polyfill",
                    "url": "https://github.com/symfony/polyfill"
                }
            },
            "autoload": {
                "files": [
                    "bootstrap.php"
                ],
                "psr-4": {
                    "Symfony\\Polyfill\\Ctype\\": ""
                }
            },
            "notification-url": "https://packagist.org/downloads/",
            "license": [
                "MIT"
            ],
            "authors": [
                {
                    "name": "Gert de Pagter",
                    "email": "BackEndTea@gmail.com"
                },
                {
                    "name": "Symfony Community",
                    "homepage": "https://symfony.com/contributors"
                }
            ],
            "description": "Symfony polyfill for ctype functions",
            "homepage": "https://symfony.com",
            "keywords": [
                "compatibility",
                "ctype",
                "polyfill",
                "portable"
            ],
            "support": {
                "source": "https://github.com/symfony/polyfill-ctype/tree/v1.27.0"
            },
            "funding": [
                {
                    "url": "https://symfony.com/sponsor",
                    "type": "custom"
                },
                {
                    "url": "https://github.com/fabpot",
                    "type": "github"
                },
                {
                    "url": "https://tidelift.com/funding/github/packagist/symfony/symfony",
                    "type": "tidelift"
                }
            ],
            "time": "2022-11-03T14:55:06+00:00"
        },
        {
            "name": "twig/twig",
            "version": "v1.44.7",
            "source": {
                "type": "git",
                "url": "https://github.com/twigphp/Twig.git",
                "reference": "0887422319889e442458e48e2f3d9add1a172ad5"
            },
            "dist": {
                "type": "zip",
                "url": "https://api.github.com/repos/twigphp/Twig/zipball/0887422319889e442458e48e2f3d9add1a172ad5",
                "reference": "0887422319889e442458e48e2f3d9add1a172ad5",
                "shasum": ""
            },
            "require": {
                "php": ">=7.2.5",
                "symfony/polyfill-ctype": "^1.8"
            },
            "require-dev": {
                "psr/container": "^1.0",
                "symfony/phpunit-bridge": "^4.4.9|^5.0.9"
            },
            "type": "library",
            "extra": {
                "branch-alias": {
                    "dev-master": "1.44-dev"
                }
            },
            "autoload": {
                "psr-0": {
                    "Twig_": "lib/"
                },
                "psr-4": {
                    "Twig\\": "src/"
                }
            },
            "notification-url": "https://packagist.org/downloads/",
            "license": [
                "BSD-3-Clause"
            ],
            "authors": [
                {
                    "name": "Fabien Potencier",
                    "email": "fabien@symfony.com",
                    "homepage": "http://fabien.potencier.org",
                    "role": "Lead Developer"
                },
                {
                    "name": "Twig Team",
                    "role": "Contributors"
                },
                {
                    "name": "Armin Ronacher",
                    "email": "armin.ronacher@active-4.com",
                    "role": "Project Founder"
                }
            ],
            "description": "Twig, the flexible, fast, and secure template language for PHP",
            "homepage": "https://twig.symfony.com",
            "keywords": [
                "templating"
            ],
            "support": {
                "issues": "https://github.com/twigphp/Twig/issues",
                "source": "https://github.com/twigphp/Twig/tree/v1.44.7"
            },
            "funding": [
                {
                    "url": "https://github.com/fabpot",
                    "type": "github"
                },
                {
                    "url": "https://tidelift.com/funding/github/packagist/twig/twig",
                    "type": "tidelift"
                }
            ],
            "time": "2022-09-28T08:38:36+00:00"
        }
    ],
    "packages-dev": [],
    "aliases": [],
    "minimum-stability": "stable",
    "stability-flags": {
        "codex-team/editor.js": 20
    },
    "prefer-stable": false,
    "prefer-lowest": false,
    "platform": [],
    "platform-dev": [],
    "plugin-api-version": "2.3.0"
}
